
Microsoft Visual Studio Solution File, Format Version 12.00
# Visual Studio Version 17
VisualStudioVersion = 17.4.33103.184
MinimumVisualStudioVersion = 10.0.40219.1
Project("{FAE04EC0-301F-11D3-BF4B-00C04F79EFBC}") = "TaskManger", "TaskManger\TaskManger.csproj", "{2C4C2FA2-C4E2-444A-8DA6-71571534EA8F}"
EndProject
Global
	GlobalSection(SolutionConfigurationPlatforms) = preSolution
		Debug|Any CPU = Debug|Any CPU
		Release|Any CPU = Release|Any CPU
	EndGlobalSection
	GlobalSection(ProjectConfigurationPlatforms) = postSolution
		{2C4C2FA2-C4E2-444A-8DA6-71571534EA8F}.Debug|Any CPU.ActiveCfg = Debug|Any CPU
		{2C4C2FA2-C4E2-444A-8DA6-71571534EA8F}.Debug|Any CPU.Build.0 = Debug|Any CPU
		{2C4C2FA2-C4E2-444A-8DA6-71571534EA8F}.Release|Any CPU.ActiveCfg = Release|Any CPU
		{2C4C2FA2-C4E2-444A-8DA6-71571534EA8F}.Release|Any CPU.Build.0 = Release|Any CPU
	EndGlobalSection
	GlobalSection(SolutionProperties) = preSolution
		HideSolutionNode = FALSE
	EndGlobalSection
	GlobalSection(ExtensibilityGlobals) = postSolution
		SolutionGuid = {35BCE261-C1F2-45A5-ADE2-894C85077D3F}
	EndGlobalSection
EndGlobal
